
Microsoft Visual Studio Solution File, Format Version 12.00
# Visual Studio Version 17
VisualStudioVersion = 17.9.34622.214
MinimumVisualStudioVersion = 10.0.40219.1
Project("{9A19103F-16F7-4668-BE54-9A1E7A4F7556}") = "UrlShortener", "UrlShortener\UrlShortener.csproj", "{362C2C3A-8243-4C21-9DC9-54CDDBE21DB6}"
EndProject
Project("{2150E333-8FDC-42A3-9474-1A3956D46DE8}") = "road-to-orleans", "road-to-orleans", "{6C4FBEAA-F96E-456B-A9D3-49E9D49A1BB5}"
EndProject
Project("{2150E333-8FDC-42A3-9474-1A3956D46DE8}") = "1", "1", "{B7B36825-F93A-4C91-B1F6-75E8F5373904}"
EndProject
Project("{9A19103F-16F7-4668-BE54-9A1E7A4F7556}") = "SiloHost", "road-to-orleans\1\SiloHost\SiloHost.csproj", "{FEA719E2-16AB-4774-8DD9-20E191256B6F}"
EndProject
Project("{2150E333-8FDC-42A3-9474-1A3956D46DE8}") = "1b", "1b", "{2771B478-F7F8-4920-AE29-8E0D820AF17A}"
EndProject
Project("{6EC3EE1D-3C4E-46DD-8F32-0CC8E7565705}") = "Grains", "road-to-orleans\1b\Grains\Grains.fsproj", "{C8C20346-E9D1-4E49-9B3C-488DDFE5BE74}"
EndProject
Project("{9A19103F-16F7-4668-BE54-9A1E7A4F7556}") = "SiloHost", "road-to-orleans\1b\SiloHost\SiloHost.csproj", "{EDC1160C-CCA5-46F2-BB65-EFDD86FEA5EE}"
EndProject
Project("{2150E333-8FDC-42A3-9474-1A3956D46DE8}") = "3b", "3b", "{CFE56C5A-F899-4EE7-8659-C49A6108216B}"
EndProject
Project("{9A19103F-16F7-4668-BE54-9A1E7A4F7556}") = "SiloHost", "road-to-orleans\3b\SiloHost\SiloHost.csproj", "{F9654F5A-93E5-47B0-96DE-915ECB3FE9E7}"
EndProject
Project("{9A19103F-16F7-4668-BE54-9A1E7A4F7556}") = "Interfaces", "road-to-orleans\3b\Interfaces\Interfaces.csproj", "{845B724B-23DF-4025-83A8-FC269B9784F1}"
EndProject
Project("{9A19103F-16F7-4668-BE54-9A1E7A4F7556}") = "Grains", "road-to-orleans\3b\Grains\Grains.csproj", "{08C3CF46-0822-44FD-A089-3A9EAFEBF3D1}"
EndProject
Project("{9A19103F-16F7-4668-BE54-9A1E7A4F7556}") = "Client", "road-to-orleans\3b\Client\Client.csproj", "{A91A34B3-D9FE-4AB9-B12D-A15D8BDB004C}"
EndProject
Project("{2150E333-8FDC-42A3-9474-1A3956D46DE8}") = "4", "4", "{32D242B0-E420-42BE-BD48-8DE5B8396295}"
EndProject
Project("{9A19103F-16F7-4668-BE54-9A1E7A4F7556}") = "Client", "road-to-orleans\4\Client\Client.csproj", "{668223C6-5BB2-435B-8FC8-1FAB71CAC837}"
EndProject
Project("{9A19103F-16F7-4668-BE54-9A1E7A4F7556}") = "Grains", "road-to-orleans\4\Grains\Grains.csproj", "{BF405936-CE1D-43F9-AC33-B43A5CA087E8}"
EndProject
Project("{9A19103F-16F7-4668-BE54-9A1E7A4F7556}") = "Interfaces", "road-to-orleans\4\Interfaces\Interfaces.csproj", "{EB40BDA3-004B-438B-A6F4-AFC05BC6CB46}"
EndProject
Project("{9A19103F-16F7-4668-BE54-9A1E7A4F7556}") = "SiloHost", "road-to-orleans\4\SiloHost\SiloHost.csproj", "{9645039B-D34A-4DE1-943F-29AB91D822BD}"
EndProject
Project("{2150E333-8FDC-42A3-9474-1A3956D46DE8}") = "4b", "4b", "{FA6E52D7-22F4-4BFB-8CB4-481B53A00A8B}"
EndProject
Project("{9A19103F-16F7-4668-BE54-9A1E7A4F7556}") = "Client", "road-to-orleans\4b\Client\Client.csproj", "{84E602DD-4468-4E4C-AAB1-8315FA3D1B1D}"
EndProject
Project("{9A19103F-16F7-4668-BE54-9A1E7A4F7556}") = "Grains", "road-to-orleans\4b\Grains\Grains.csproj", "{86350CC3-B344-44CC-AF03-D040938C0AD9}"
EndProject
Project("{9A19103F-16F7-4668-BE54-9A1E7A4F7556}") = "Interfaces", "road-to-orleans\4b\Interfaces\Interfaces.csproj", "{12D0508A-4B49-4413-BA26-615966805D04}"
EndProject
Project("{9A19103F-16F7-4668-BE54-9A1E7A4F7556}") = "SiloHost", "road-to-orleans\4b\SiloHost\SiloHost.csproj", "{C1E86B33-95B5-4AED-A7A4-23EAD5A5C496}"
EndProject
Project("{9A19103F-16F7-4668-BE54-9A1E7A4F7556}") = "SiloHost2", "road-to-orleans\4b\SiloHost2\SiloHost2.csproj", "{53382375-920D-49C1-A9CB-CCCCD4A3E0EC}"
EndProject
Project("{2150E333-8FDC-42A3-9474-1A3956D46DE8}") = "Solution Items", "Solution Items", "{EF8BB89F-CE29-47BC-A8C7-25AEAC77B3A9}"
	ProjectSection(SolutionItems) = preProject
		.editorconfig = .editorconfig
	EndProjectSection
EndProject
Project("{FAE04EC0-301F-11D3-BF4B-00C04F79EFBC}") = "Common", "road-to-orleans\Common\Common.csproj", "{0C84E495-71E0-4B34-8471-F3AB087710C1}"
EndProject
Global
	GlobalSection(SolutionConfigurationPlatforms) = preSolution
		Debug|Any CPU = Debug|Any CPU
		Release|Any CPU = Release|Any CPU
	EndGlobalSection
	GlobalSection(ProjectConfigurationPlatforms) = postSolution
		{362C2C3A-8243-4C21-9DC9-54CDDBE21DB6}.Debug|Any CPU.ActiveCfg = Debug|Any CPU
		{362C2C3A-8243-4C21-9DC9-54CDDBE21DB6}.Debug|Any CPU.Build.0 = Debug|Any CPU
		{362C2C3A-8243-4C21-9DC9-54CDDBE21DB6}.Release|Any CPU.ActiveCfg = Release|Any CPU
		{362C2C3A-8243-4C21-9DC9-54CDDBE21DB6}.Release|Any CPU.Build.0 = Release|Any CPU
		{FEA719E2-16AB-4774-8DD9-20E191256B6F}.Debug|Any CPU.ActiveCfg = Debug|Any CPU
		{FEA719E2-16AB-4774-8DD9-20E191256B6F}.Debug|Any CPU.Build.0 = Debug|Any CPU
		{FEA719E2-16AB-4774-8DD9-20E191256B6F}.Release|Any CPU.ActiveCfg = Release|Any CPU
		{FEA719E2-16AB-4774-8DD9-20E191256B6F}.Release|Any CPU.Build.0 = Release|Any CPU
		{C8C20346-E9D1-4E49-9B3C-488DDFE5BE74}.Debug|Any CPU.ActiveCfg = Debug|Any CPU
		{C8C20346-E9D1-4E49-9B3C-488DDFE5BE74}.Debug|Any CPU.Build.0 = Debug|Any CPU
		{C8C20346-E9D1-4E49-9B3C-488DDFE5BE74}.Release|Any CPU.ActiveCfg = Release|Any CPU
		{C8C20346-E9D1-4E49-9B3C-488DDFE5BE74}.Release|Any CPU.Build.0 = Release|Any CPU
		{EDC1160C-CCA5-46F2-BB65-EFDD86FEA5EE}.Debug|Any CPU.ActiveCfg = Debug|Any CPU
		{EDC1160C-CCA5-46F2-BB65-EFDD86FEA5EE}.Debug|Any CPU.Build.0 = Debug|Any CPU
		{EDC1160C-CCA5-46F2-BB65-EFDD86FEA5EE}.Release|Any CPU.ActiveCfg = Release|Any CPU
		{EDC1160C-CCA5-46F2-BB65-EFDD86FEA5EE}.Release|Any CPU.Build.0 = Release|Any CPU
		{F9654F5A-93E5-47B0-96DE-915ECB3FE9E7}.Debug|Any CPU.ActiveCfg = Debug|Any CPU
		{F9654F5A-93E5-47B0-96DE-915ECB3FE9E7}.Debug|Any CPU.Build.0 = Debug|Any CPU
		{F9654F5A-93E5-47B0-96DE-915ECB3FE9E7}.Release|Any CPU.ActiveCfg = Release|Any CPU
		{F9654F5A-93E5-47B0-96DE-915ECB3FE9E7}.Release|Any CPU.Build.0 = Release|Any CPU
		{845B724B-23DF-4025-83A8-FC269B9784F1}.Debug|Any CPU.ActiveCfg = Debug|Any CPU
		{845B724B-23DF-4025-83A8-FC269B9784F1}.Debug|Any CPU.Build.0 = Debug|Any CPU
		{845B724B-23DF-4025-83A8-FC269B9784F1}.Release|Any CPU.ActiveCfg = Release|Any CPU
		{845B724B-23DF-4025-83A8-FC269B9784F1}.Release|Any CPU.Build.0 = Release|Any CPU
		{08C3CF46-0822-44FD-A089-3A9EAFEBF3D1}.Debug|Any CPU.ActiveCfg = Debug|Any CPU
		{08C3CF46-0822-44FD-A089-3A9EAFEBF3D1}.Debug|Any CPU.Build.0 = Debug|Any CPU
		{08C3CF46-0822-44FD-A089-3A9EAFEBF3D1}.Release|Any CPU.ActiveCfg = Release|Any CPU
		{08C3CF46-0822-44FD-A089-3A9EAFEBF3D1}.Release|Any CPU.Build.0 = Release|Any CPU
		{A91A34B3-D9FE-4AB9-B12D-A15D8BDB004C}.Debug|Any CPU.ActiveCfg = Debug|Any CPU
		{A91A34B3-D9FE-4AB9-B12D-A15D8BDB004C}.Debug|Any CPU.Build.0 = Debug|Any CPU
		{A91A34B3-D9FE-4AB9-B12D-A15D8BDB004C}.Release|Any CPU.ActiveCfg = Release|Any CPU
		{A91A34B3-D9FE-4AB9-B12D-A15D8BDB004C}.Release|Any CPU.Build.0 = Release|Any CPU
		{668223C6-5BB2-435B-8FC8-1FAB71CAC837}.Debug|Any CPU.ActiveCfg = Debug|Any CPU
		{668223C6-5BB2-435B-8FC8-1FAB71CAC837}.Debug|Any CPU.Build.0 = Debug|Any CPU
		{668223C6-5BB2-435B-8FC8-1FAB71CAC837}.Release|Any CPU.ActiveCfg = Release|Any CPU
		{668223C6-5BB2-435B-8FC8-1FAB71CAC837}.Release|Any CPU.Build.0 = Release|Any CPU
		{BF405936-CE1D-43F9-AC33-B43A5CA087E8}.Debug|Any CPU.ActiveCfg = Debug|Any CPU
		{BF405936-CE1D-43F9-AC33-B43A5CA087E8}.Debug|Any CPU.Build.0 = Debug|Any CPU
		{BF405936-CE1D-43F9-AC33-B43A5CA087E8}.Release|Any CPU.ActiveCfg = Release|Any CPU
		{BF405936-CE1D-43F9-AC33-B43A5CA087E8}.Release|Any CPU.Build.0 = Release|Any CPU
		{EB40BDA3-004B-438B-A6F4-AFC05BC6CB46}.Debug|Any CPU.ActiveCfg = Debug|Any CPU
		{EB40BDA3-004B-438B-A6F4-AFC05BC6CB46}.Debug|Any CPU.Build.0 = Debug|Any CPU
		{EB40BDA3-004B-438B-A6F4-AFC05BC6CB46}.Release|Any CPU.ActiveCfg = Release|Any CPU
		{EB40BDA3-004B-438B-A6F4-AFC05BC6CB46}.Release|Any CPU.Build.0 = Release|Any CPU
		{9645039B-D34A-4DE1-943F-29AB91D822BD}.Debug|Any CPU.ActiveCfg = Debug|Any CPU
		{9645039B-D34A-4DE1-943F-29AB91D822BD}.Debug|Any CPU.Build.0 = Debug|Any CPU
		{9645039B-D34A-4DE1-943F-29AB91D822BD}.Release|Any CPU.ActiveCfg = Release|Any CPU
		{9645039B-D34A-4DE1-943F-29AB91D822BD}.Release|Any CPU.Build.0 = Release|Any CPU
		{84E602DD-4468-4E4C-AAB1-8315FA3D1B1D}.Debug|Any CPU.ActiveCfg = Debug|Any CPU
		{84E602DD-4468-4E4C-AAB1-8315FA3D1B1D}.Debug|Any CPU.Build.0 = Debug|Any CPU
		{84E602DD-4468-4E4C-AAB1-8315FA3D1B1D}.Release|Any CPU.ActiveCfg = Release|Any CPU
		{84E602DD-4468-4E4C-AAB1-8315FA3D1B1D}.Release|Any CPU.Build.0 = Release|Any CPU
		{86350CC3-B344-44CC-AF03-D040938C0AD9}.Debug|Any CPU.ActiveCfg = Debug|Any CPU
		{86350CC3-B344-44CC-AF03-D040938C0AD9}.Debug|Any CPU.Build.0 = Debug|Any CPU
		{86350CC3-B344-44CC-AF03-D040938C0AD9}.Release|Any CPU.ActiveCfg = Release|Any CPU
		{86350CC3-B344-44CC-AF03-D040938C0AD9}.Release|Any CPU.Build.0 = Release|Any CPU
		{12D0508A-4B49-4413-BA26-615966805D04}.Debug|Any CPU.ActiveCfg = Debug|Any CPU
		{12D0508A-4B49-4413-BA26-615966805D04}.Debug|Any CPU.Build.0 = Debug|Any CPU
		{12D0508A-4B49-4413-BA26-615966805D04}.Release|Any CPU.ActiveCfg = Release|Any CPU
		{12D0508A-4B49-4413-BA26-615966805D04}.Release|Any CPU.Build.0 = Release|Any CPU
		{C1E86B33-95B5-4AED-A7A4-23EAD5A5C496}.Debug|Any CPU.ActiveCfg = Debug|Any CPU
		{C1E86B33-95B5-4AED-A7A4-23EAD5A5C496}.Debug|Any CPU.Build.0 = Debug|Any CPU
		{C1E86B33-95B5-4AED-A7A4-23EAD5A5C496}.Release|Any CPU.ActiveCfg = Release|Any CPU
		{C1E86B33-95B5-4AED-A7A4-23EAD5A5C496}.Release|Any CPU.Build.0 = Release|Any CPU
		{53382375-920D-49C1-A9CB-CCCCD4A3E0EC}.Debug|Any CPU.ActiveCfg = Debug|Any CPU
		{53382375-920D-49C1-A9CB-CCCCD4A3E0EC}.Debug|Any CPU.Build.0 = Debug|Any CPU
		{53382375-920D-49C1-A9CB-CCCCD4A3E0EC}.Release|Any CPU.ActiveCfg = Release|Any CPU
		{53382375-920D-49C1-A9CB-CCCCD4A3E0EC}.Release|Any CPU.Build.0 = Release|Any CPU
		{0C84E495-71E0-4B34-8471-F3AB087710C1}.Debug|Any CPU.ActiveCfg = Debug|Any CPU
		{0C84E495-71E0-4B34-8471-F3AB087710C1}.Debug|Any CPU.Build.0 = Debug|Any CPU
		{0C84E495-71E0-4B34-8471-F3AB087710C1}.Release|Any CPU.ActiveCfg = Release|Any CPU
		{0C84E495-71E0-4B34-8471-F3AB087710C1}.Release|Any CPU.Build.0 = Release|Any CPU
	EndGlobalSection
	GlobalSection(SolutionProperties) = preSolution
		HideSolutionNode = FALSE
	EndGlobalSection
	GlobalSection(NestedProjects) = preSolution
		{B7B36825-F93A-4C91-B1F6-75E8F5373904} = {6C4FBEAA-F96E-456B-A9D3-49E9D49A1BB5}
		{FEA719E2-16AB-4774-8DD9-20E191256B6F} = {B7B36825-F93A-4C91-B1F6-75E8F5373904}
		{2771B478-F7F8-4920-AE29-8E0D820AF17A} = {6C4FBEAA-F96E-456B-A9D3-49E9D49A1BB5}
		{C8C20346-E9D1-4E49-9B3C-488DDFE5BE74} = {2771B478-F7F8-4920-AE29-8E0D820AF17A}
		{EDC1160C-CCA5-46F2-BB65-EFDD86FEA5EE} = {2771B478-F7F8-4920-AE29-8E0D820AF17A}
		{CFE56C5A-F899-4EE7-8659-C49A6108216B} = {6C4FBEAA-F96E-456B-A9D3-49E9D49A1BB5}
		{F9654F5A-93E5-47B0-96DE-915ECB3FE9E7} = {CFE56C5A-F899-4EE7-8659-C49A6108216B}
		{845B724B-23DF-4025-83A8-FC269B9784F1} = {CFE56C5A-F899-4EE7-8659-C49A6108216B}
		{08C3CF46-0822-44FD-A089-3A9EAFEBF3D1} = {CFE56C5A-F899-4EE7-8659-C49A6108216B}
		{A91A34B3-D9FE-4AB9-B12D-A15D8BDB004C} = {CFE56C5A-F899-4EE7-8659-C49A6108216B}
		{32D242B0-E420-42BE-BD48-8DE5B8396295} = {6C4FBEAA-F96E-456B-A9D3-49E9D49A1BB5}
		{668223C6-5BB2-435B-8FC8-1FAB71CAC837} = {32D242B0-E420-42BE-BD48-8DE5B8396295}
		{BF405936-CE1D-43F9-AC33-B43A5CA087E8} = {32D242B0-E420-42BE-BD48-8DE5B8396295}
		{EB40BDA3-004B-438B-A6F4-AFC05BC6CB46} = {32D242B0-E420-42BE-BD48-8DE5B8396295}
		{9645039B-D34A-4DE1-943F-29AB91D822BD} = {32D242B0-E420-42BE-BD48-8DE5B8396295}
		{FA6E52D7-22F4-4BFB-8CB4-481B53A00A8B} = {6C4FBEAA-F96E-456B-A9D3-49E9D49A1BB5}
		{84E602DD-4468-4E4C-AAB1-8315FA3D1B1D} = {FA6E52D7-22F4-4BFB-8CB4-481B53A00A8B}
		{86350CC3-B344-44CC-AF03-D040938C0AD9} = {FA6E52D7-22F4-4BFB-8CB4-481B53A00A8B}
		{12D0508A-4B49-4413-BA26-615966805D04} = {FA6E52D7-22F4-4BFB-8CB4-481B53A00A8B}
		{C1E86B33-95B5-4AED-A7A4-23EAD5A5C496} = {FA6E52D7-22F4-4BFB-8CB4-481B53A00A8B}
		{53382375-920D-49C1-A9CB-CCCCD4A3E0EC} = {FA6E52D7-22F4-4BFB-8CB4-481B53A00A8B}
		{0C84E495-71E0-4B34-8471-F3AB087710C1} = {6C4FBEAA-F96E-456B-A9D3-49E9D49A1BB5}
	EndGlobalSection
	GlobalSection(ExtensibilityGlobals) = postSolution
		SolutionGuid = {7D0E2B4B-0AE5-4422-B094-6139CA09F15F}
	EndGlobalSection
EndGlobal
