
Microsoft Visual Studio Solution File, Format Version 12.00
# Visual Studio Version 17
VisualStudioVersion = 17.9.34622.214
MinimumVisualStudioVersion = 10.0.40219.1
Project("{9A19103F-16F7-4668-BE54-9A1E7A4F7556}") = "UrlShortener", "UrlShortener\UrlShortener.csproj", "{362C2C3A-8243-4C21-9DC9-54CDDBE21DB6}"
EndProject
Project("{2150E333-8FDC-42A3-9474-1A3956D46DE8}") = "road-to-orleans", "road-to-orleans", "{6C4FBEAA-F96E-456B-A9D3-49E9D49A1BB5}"
EndProject
Project("{2150E333-8FDC-42A3-9474-1A3956D46DE8}") = "1", "1", "{B7B36825-F93A-4C91-B1F6-75E8F5373904}"
EndProject
Project("{9A19103F-16F7-4668-BE54-9A1E7A4F7556}") = "SiloHost", "road-to-orleans\1\SiloHost\SiloHost.csproj", "{FEA719E2-16AB-4774-8DD9-20E191256B6F}"
EndProject
Project("{2150E333-8FDC-42A3-9474-1A3956D46DE8}") = "1b", "1b", "{2771B478-F7F8-4920-AE29-8E0D820AF17A}"
EndProject
Project("{6EC3EE1D-3C4E-46DD-8F32-0CC8E7565705}") = "Grains", "road-to-orleans\1b\Grains\Grains.fsproj", "{C8C20346-E9D1-4E49-9B3C-488DDFE5BE74}"
EndProject
Project("{9A19103F-16F7-4668-BE54-9A1E7A4F7556}") = "SiloHost", "road-to-orleans\1b\SiloHost\SiloHost.csproj", "{EDC1160C-CCA5-46F2-BB65-EFDD86FEA5EE}"
EndProject
Project("{2150E333-8FDC-42A3-9474-1A3956D46DE8}") = "2", "2", "{95087E86-D795-4A6C-82EC-FFDA3D187C63}"
EndProject
Project("{9A19103F-16F7-4668-BE54-9A1E7A4F7556}") = "Client", "road-to-orleans\2\Client\Client.csproj", "{5B49DDC1-E1D1-4B28-9490-A277CC4DC216}"
EndProject
Project("{9A19103F-16F7-4668-BE54-9A1E7A4F7556}") = "Grains", "road-to-orleans\2\Grains\Grains.csproj", "{B3B6B31A-D248-4B91-AFF7-3334A78F497B}"
EndProject
Project("{9A19103F-16F7-4668-BE54-9A1E7A4F7556}") = "Interfaces", "road-to-orleans\2\Interfaces\Interfaces.csproj", "{8F04FAD3-4443-48AB-A75D-06FC0FF2189A}"
EndProject
Project("{9A19103F-16F7-4668-BE54-9A1E7A4F7556}") = "SiloHost", "road-to-orleans\2\SiloHost\SiloHost.csproj", "{34EF9A9D-B02F-4C1C-8899-56F15FD21EA4}"
EndProject
Global
	GlobalSection(SolutionConfigurationPlatforms) = preSolution
		Debug|Any CPU = Debug|Any CPU
		Release|Any CPU = Release|Any CPU
	EndGlobalSection
	GlobalSection(ProjectConfigurationPlatforms) = postSolution
		{362C2C3A-8243-4C21-9DC9-54CDDBE21DB6}.Debug|Any CPU.ActiveCfg = Debug|Any CPU
		{362C2C3A-8243-4C21-9DC9-54CDDBE21DB6}.Debug|Any CPU.Build.0 = Debug|Any CPU
		{362C2C3A-8243-4C21-9DC9-54CDDBE21DB6}.Release|Any CPU.ActiveCfg = Release|Any CPU
		{362C2C3A-8243-4C21-9DC9-54CDDBE21DB6}.Release|Any CPU.Build.0 = Release|Any CPU
		{FEA719E2-16AB-4774-8DD9-20E191256B6F}.Debug|Any CPU.ActiveCfg = Debug|Any CPU
		{FEA719E2-16AB-4774-8DD9-20E191256B6F}.Debug|Any CPU.Build.0 = Debug|Any CPU
		{FEA719E2-16AB-4774-8DD9-20E191256B6F}.Release|Any CPU.ActiveCfg = Release|Any CPU
		{FEA719E2-16AB-4774-8DD9-20E191256B6F}.Release|Any CPU.Build.0 = Release|Any CPU
		{C8C20346-E9D1-4E49-9B3C-488DDFE5BE74}.Debug|Any CPU.ActiveCfg = Debug|Any CPU
		{C8C20346-E9D1-4E49-9B3C-488DDFE5BE74}.Debug|Any CPU.Build.0 = Debug|Any CPU
		{C8C20346-E9D1-4E49-9B3C-488DDFE5BE74}.Release|Any CPU.ActiveCfg = Release|Any CPU
		{C8C20346-E9D1-4E49-9B3C-488DDFE5BE74}.Release|Any CPU.Build.0 = Release|Any CPU
		{EDC1160C-CCA5-46F2-BB65-EFDD86FEA5EE}.Debug|Any CPU.ActiveCfg = Debug|Any CPU
		{EDC1160C-CCA5-46F2-BB65-EFDD86FEA5EE}.Debug|Any CPU.Build.0 = Debug|Any CPU
		{EDC1160C-CCA5-46F2-BB65-EFDD86FEA5EE}.Release|Any CPU.ActiveCfg = Release|Any CPU
		{EDC1160C-CCA5-46F2-BB65-EFDD86FEA5EE}.Release|Any CPU.Build.0 = Release|Any CPU
		{5B49DDC1-E1D1-4B28-9490-A277CC4DC216}.Debug|Any CPU.ActiveCfg = Debug|Any CPU
		{5B49DDC1-E1D1-4B28-9490-A277CC4DC216}.Debug|Any CPU.Build.0 = Debug|Any CPU
		{5B49DDC1-E1D1-4B28-9490-A277CC4DC216}.Release|Any CPU.ActiveCfg = Release|Any CPU
		{5B49DDC1-E1D1-4B28-9490-A277CC4DC216}.Release|Any CPU.Build.0 = Release|Any CPU
		{B3B6B31A-D248-4B91-AFF7-3334A78F497B}.Debug|Any CPU.ActiveCfg = Debug|Any CPU
		{B3B6B31A-D248-4B91-AFF7-3334A78F497B}.Debug|Any CPU.Build.0 = Debug|Any CPU
		{B3B6B31A-D248-4B91-AFF7-3334A78F497B}.Release|Any CPU.ActiveCfg = Release|Any CPU
		{B3B6B31A-D248-4B91-AFF7-3334A78F497B}.Release|Any CPU.Build.0 = Release|Any CPU
		{8F04FAD3-4443-48AB-A75D-06FC0FF2189A}.Debug|Any CPU.ActiveCfg = Debug|Any CPU
		{8F04FAD3-4443-48AB-A75D-06FC0FF2189A}.Debug|Any CPU.Build.0 = Debug|Any CPU
		{8F04FAD3-4443-48AB-A75D-06FC0FF2189A}.Release|Any CPU.ActiveCfg = Release|Any CPU
		{8F04FAD3-4443-48AB-A75D-06FC0FF2189A}.Release|Any CPU.Build.0 = Release|Any CPU
		{34EF9A9D-B02F-4C1C-8899-56F15FD21EA4}.Debug|Any CPU.ActiveCfg = Debug|Any CPU
		{34EF9A9D-B02F-4C1C-8899-56F15FD21EA4}.Debug|Any CPU.Build.0 = Debug|Any CPU
		{34EF9A9D-B02F-4C1C-8899-56F15FD21EA4}.Release|Any CPU.ActiveCfg = Release|Any CPU
		{34EF9A9D-B02F-4C1C-8899-56F15FD21EA4}.Release|Any CPU.Build.0 = Release|Any CPU
	EndGlobalSection
	GlobalSection(SolutionProperties) = preSolution
		HideSolutionNode = FALSE
	EndGlobalSection
	GlobalSection(NestedProjects) = preSolution
		{B7B36825-F93A-4C91-B1F6-75E8F5373904} = {6C4FBEAA-F96E-456B-A9D3-49E9D49A1BB5}
		{FEA719E2-16AB-4774-8DD9-20E191256B6F} = {B7B36825-F93A-4C91-B1F6-75E8F5373904}
		{2771B478-F7F8-4920-AE29-8E0D820AF17A} = {6C4FBEAA-F96E-456B-A9D3-49E9D49A1BB5}
		{C8C20346-E9D1-4E49-9B3C-488DDFE5BE74} = {2771B478-F7F8-4920-AE29-8E0D820AF17A}
		{EDC1160C-CCA5-46F2-BB65-EFDD86FEA5EE} = {2771B478-F7F8-4920-AE29-8E0D820AF17A}
		{95087E86-D795-4A6C-82EC-FFDA3D187C63} = {6C4FBEAA-F96E-456B-A9D3-49E9D49A1BB5}
		{5B49DDC1-E1D1-4B28-9490-A277CC4DC216} = {95087E86-D795-4A6C-82EC-FFDA3D187C63}
		{B3B6B31A-D248-4B91-AFF7-3334A78F497B} = {95087E86-D795-4A6C-82EC-FFDA3D187C63}
		{8F04FAD3-4443-48AB-A75D-06FC0FF2189A} = {95087E86-D795-4A6C-82EC-FFDA3D187C63}
		{34EF9A9D-B02F-4C1C-8899-56F15FD21EA4} = {95087E86-D795-4A6C-82EC-FFDA3D187C63}
	EndGlobalSection
	GlobalSection(ExtensibilityGlobals) = postSolution
		SolutionGuid = {7D0E2B4B-0AE5-4422-B094-6139CA09F15F}
	EndGlobalSection
EndGlobal
